
Microsoft Visual Studio Solution File, Format Version 12.00
# Visual Studio Version 16
VisualStudioVersion = 16.0.30413.136
MinimumVisualStudioVersion = 10.0.40219.1
Project("{8BC9CEB8-8B4A-11D0-8D11-00A0C91BC942}") = "soltrace", "soltrace.vcxproj", "{9E628EDB-737F-492C-9218-932DEAB14B2A}"
EndProject
Global
	GlobalSection(SolutionConfigurationPlatforms) = preSolution
		Debug|x64 = Debug|x64
		Release|x64 = Release|x64
	EndGlobalSection
	GlobalSection(ProjectConfigurationPlatforms) = postSolution
		{9E628EDB-737F-492C-9218-932DEAB14B2A}.Debug|x64.ActiveCfg = Debug|x64
		{9E628EDB-737F-492C-9218-932DEAB14B2A}.Debug|x64.Build.0 = Debug|x64
		{9E628EDB-737F-492C-9218-932DEAB14B2A}.Release|x64.ActiveCfg = Release|x64
		{9E628EDB-737F-492C-9218-932DEAB14B2A}.Release|x64.Build.0 = Release|x64
	EndGlobalSection
	GlobalSection(SolutionProperties) = preSolution
		HideSolutionNode = FALSE
	EndGlobalSection
	GlobalSection(ExtensibilityGlobals) = postSolution
		SolutionGuid = {8F92CF46-6EF8-4693-B994-2F45AC275303}
	EndGlobalSection
EndGlobal
